<Solution>
	<Folder Name="/Abstractions/">
		<File Path="Asgard/.editorconfig" />
		<File Path="Asgard/.gitattributes" />
		<File Path="Asgard/.gitignore" />
		<File Path="Asgard/Asgard.slnx" />
		<File Path="Asgard/CLAUDE.md" />
		<File Path="Asgard/Directory.Build.props" />
		<File Path="Asgard/global.json" />
		<File Path="Asgard/LICENSE" />
		<File Path="Asgard/nuget.config" />
		<File Path="Asgard/README.md" />
	</Folder>
	<Folder Name="/Abstractions/src/">
		<File Path="Asgard/src/Directory.Build.props" />
		<File Path="Asgard/src/Directory.Build.targets" />
		<Project Path="Asgard/src/Abstractions.Backend/Abstractions.Backend.csproj" />
		<Project Path="Asgard/src/Abstractions.Components/Abstractions.Components.csproj" />
		<Project Path="Asgard/src/Abstractions.Contracts/Abstractions.Contracts.csproj" />
		<Project Path="Asgard/src/Abstractions.Migrations/Abstractions.Migrations.csproj" />
		<Project Path="Asgard/src/Abstractions.Web.Server/Abstractions.Web.Server.csproj" />
		<Project Path="Asgard/src/Abstractions.Worker/Abstractions.Worker.csproj" />
	</Folder>
	<Folder Name="/Abstractions/tests/">
		<File Path="Asgard/tests/Directory.Build.props" />
		<File Path="Asgard/tests/Directory.Build.targets" />
		<Project Path="Asgard/tests/Abstractions.Backend.Tests/Abstractions.Backend.Tests.csproj" />
		<Project Path="Asgard/tests/Abstractions.Components.Tests/Abstractions.Components.Tests.csproj" />
		<Project Path="Asgard/tests/Abstractions.Contracts.Tests/Abstractions.Contracts.Tests.csproj" />
		<Project Path="Asgard/tests/Abstractions.Migrations.Tests/Abstractions.Migrations.Tests.csproj" />
		<Project Path="Asgard/tests/Abstractions.Web.Server.Tests/Abstractions.Web.Server.Tests.csproj" />
		<Project Path="Asgard/tests/Abstractions.Worker.Tests/Abstractions.Worker.Tests.csproj" />
	</Folder>
	<Folder Name="/Configuration/">
		<File Path="../.github/.gitattributes" />
		<File Path="../.github/CLAUDE.md" />
		<File Path="../.github/CONTRIBUTING.md" />
		<File Path="../.github/README.md" />
		<File Path="../.github/SECURITY.md" />
		<File Path="../.github/SUPPORT.md" />
	</Folder>
	<Folder Name="/Configuration/.claude/">
		<File Path="../.github/.claude/settings.json" />
	</Folder>
	<Folder Name="/Configuration/.github/" />
	<Folder Name="/Configuration/.github/workflows/">
		<File Path="../.github/.github/workflows/ci-build-test.yml" />
		<File Path="../.github/.github/workflows/release-container.yml" />
		<File Path="../.github/.github/workflows/release-nuget.yml" />
		<File Path="../.github/.github/workflows/scatter-the-runes.yml" />
		<File Path="../.github/.github/workflows/sound-gjallarhorn.yml" />
		<File Path="../.github/.github/workflows/update-bifrost.yml" />
	</Folder>
	<Folder Name="/Configuration/config/">
		<File Path="../.github/config/.editorconfig" />
		<File Path="../.github/config/.gitattributes" />
		<File Path="../.github/config/.gitignore" />
		<File Path="../.github/config/Directory.Build.props" />
		<File Path="../.github/config/global.json" />
		<File Path="../.github/config/LICENSE" />
		<File Path="../.github/config/manifest.psd1" />
		<File Path="../.github/config/nuget.config" />
	</Folder>
	<Folder Name="/Configuration/config/.github/" />
	<Folder Name="/Configuration/config/.github/workflows/">
		<File Path="../.github/config/.github/workflows/auto-approve.yml" />
		<File Path="../.github/config/.github/workflows/release.yml" />
		<File Path="../.github/config/.github/workflows/update-bifrost.yml" />
	</Folder>
	<Folder Name="/Configuration/config/src/">
		<File Path="../.github/config/src/Directory.Build.props" />
		<File Path="../.github/config/src/Directory.Build.targets" />
	</Folder>
	<Folder Name="/Configuration/config/tests/">
		<File Path="../.github/config/tests/Directory.Build.props" />
		<File Path="../.github/config/tests/Directory.Build.targets" />
	</Folder>
	<Folder Name="/Configuration/profile/">
		<File Path="../.github/profile/README.md" />
	</Folder>
	<Folder Name="/Configuration/scripts/">
		<File Path="../.github/scripts/carve-the-laws.ps1" />
		<File Path="../.github/scripts/scatter-the-runes.ps1" />
		<File Path="../.github/scripts/sound-gjallarhorn.ps1" />
	</Folder>
	<Folder Name="/Documentation/" />
	<Folder Name="/EntityFramework/">
		<File Path="Urdarbrunnr/.editorconfig" />
		<File Path="Urdarbrunnr/.gitattributes" />
		<File Path="Urdarbrunnr/.gitignore" />
		<File Path="Urdarbrunnr/CLAUDE.md" />
		<File Path="Urdarbrunnr/Directory.Build.props" />
		<File Path="Urdarbrunnr/global.json" />
		<File Path="Urdarbrunnr/LICENSE" />
		<File Path="Urdarbrunnr/nuget.config" />
		<File Path="Urdarbrunnr/README.md" />
		<File Path="Urdarbrunnr/Urdarbrunnr.slnx" />
	</Folder>
	<Folder Name="/EntityFramework/src/">
		<File Path="Urdarbrunnr/src/Directory.Build.props" />
		<File Path="Urdarbrunnr/src/Directory.Build.targets" />
		<Project Path="Urdarbrunnr/src/EntityFramework.Migrations.PostgreSQL.Generator/EntityFramework.Migrations.PostgreSQL.Generator.csproj" />
		<Project Path="Urdarbrunnr/src/EntityFramework.Migrations.PostgreSQL/EntityFramework.Migrations.PostgreSQL.csproj" />
		<Project Path="Urdarbrunnr/src/EntityFramework.Migrations/EntityFramework.Migrations.csproj" />
		<Project Path="Urdarbrunnr/src/EntityFramework/EntityFramework.csproj" />
		<Project Path="Urdarbrunnr/src/EntityFramework.Generator/EntityFramework.Generator.csproj" />
	</Folder>
	<Folder Name="/EntityFramework/tests/">
		<File Path="Urdarbrunnr/tests/Directory.Build.props" />
		<File Path="Urdarbrunnr/tests/Directory.Build.targets" />
		<Project Path="Urdarbrunnr/tests/EntityFramework.Migrations.PostgreSQL.Generator.Tests/EntityFramework.Migrations.PostgreSQL.Generator.Tests.csproj" />
		<Project Path="Urdarbrunnr/tests/EntityFramework.Migrations.Tests/EntityFramework.Migrations.Tests.csproj" />
		<Project Path="Urdarbrunnr/tests/EntityFramework.Tests/EntityFramework.Tests.csproj" />
		<Project Path="Urdarbrunnr/tests/EntityFramework.Generator.Tests/EntityFramework.Generator.Tests.csproj" />
	</Folder>
	<Folder Name="/Hosting/">
		<File Path="Yggdrasil/.editorconfig" />
		<File Path="Yggdrasil/.gitattributes" />
		<File Path="Yggdrasil/.gitignore" />
		<File Path="Yggdrasil/CLAUDE.md" />
		<File Path="Yggdrasil/Directory.Build.props" />
		<File Path="Yggdrasil/Directory.Packages.props" />
		<File Path="Yggdrasil/global.json" />
		<File Path="Yggdrasil/LICENSE" />
		<File Path="Yggdrasil/nuget.config" />
		<File Path="Yggdrasil/README.md" />
		<File Path="Yggdrasil/Yggdrasil.slnx" />
	</Folder>
	<Folder Name="/Hosting/.github/" />
	<Folder Name="/Hosting/.github/workflows/">
		<File Path="Yggdrasil/.github/workflows/auto-approve.yml" />
		<File Path="Yggdrasil/.github/workflows/ci.yml" />
		<File Path="Yggdrasil/.github/workflows/release.yml" />
		<File Path="Yggdrasil/.github/workflows/update-bifrost.yml" />
	</Folder>
	<Folder Name="/Hosting/src/">
		<File Path="Yggdrasil/src/Directory.Build.props" />
		<File Path="Yggdrasil/src/Directory.Build.targets" />
		<Project Path="Yggdrasil/src/Hosting.Migrations.Service/Hosting.Migrations.Service.csproj" />
		<Project Path="Yggdrasil/src/Hosting.Web.Server/Hosting.Web.Server.csproj" />
		<Project Path="Yggdrasil/src/Hosting.Worker/Hosting.Worker.csproj" />
	</Folder>
	<Folder Name="/Hosting/tests/">
		<File Path="Yggdrasil/tests/Directory.Build.props" />
		<File Path="Yggdrasil/tests/Directory.Build.targets" />
		<File Path="Yggdrasil/tests/Directory.Packages.props" />
		<Project Path="Yggdrasil/tests/Hosting.Migrations.Service.Tests/Hosting.Migrations.Service.Tests.csproj" />
		<Project Path="Yggdrasil/tests/Hosting.Web.Server.Tests/Hosting.Web.Server.Tests.csproj" />
		<Project Path="Yggdrasil/tests/Hosting.Worker.Tests/Hosting.Worker.Tests.csproj" />
	</Folder>
	<Folder Name="/Identity/">
		<File Path="Himinbjorg/.editorconfig" />
		<File Path="Himinbjorg/.gitattributes" />
		<File Path="Himinbjorg/.gitignore" />
		<File Path="Himinbjorg/CLAUDE.md" />
		<File Path="Himinbjorg/Directory.Build.props" />
		<File Path="Himinbjorg/global.json" />
		<File Path="Himinbjorg/Himinbjorg.slnx" />
		<File Path="Himinbjorg/LICENSE" />
		<File Path="Himinbjorg/nuget.config" />
		<File Path="Himinbjorg/README.md" />
	</Folder>
	<Folder Name="/Identity/src/">
		<File Path="Himinbjorg/src/Directory.Build.props" />
		<File Path="Himinbjorg/src/Directory.Build.targets" />
		<Project Path="Himinbjorg/src/Identity.Migrations/Identity.Migrations.csproj" />
		<Project Path="Himinbjorg/src/Identity/Identity.csproj" />
	</Folder>
	<Folder Name="/Identity/tests/">
		<File Path="Himinbjorg/tests/Directory.Build.props" />
		<File Path="Himinbjorg/tests/Directory.Build.targets" />
		<Project Path="Himinbjorg/tests/Identity.Migrations.Tests/Identity.Migrations.Tests.csproj" />
		<Project Path="Himinbjorg/tests/Identity.Tests/Identity.Tests.csproj" />
	</Folder>
	<Folder Name="/Infrastructure/">
		<File Path="Midgard/.editorconfig" />
		<File Path="Midgard/.gitattributes" />
		<File Path="Midgard/.gitignore" />
		<File Path="Midgard/CLAUDE.md" />
		<File Path="Midgard/Directory.Build.props" />
		<File Path="Midgard/global.json" />
		<File Path="Midgard/LICENSE" />
		<File Path="Midgard/Midgard.slnx" />
		<File Path="Midgard/nuget.config" />
		<File Path="Midgard/README.md" />
	</Folder>
	<Folder Name="/Infrastructure/src/">
		<File Path="Midgard/src/Directory.Build.props" />
		<File Path="Midgard/src/Directory.Build.targets" />
		<Project Path="Midgard/src/Infrastructure.Migrations/Infrastructure.Migrations.csproj" />
		<Project Path="Midgard/src/Infrastructure.Web.Server/Infrastructure.Web.Server.csproj" />
		<Project Path="Midgard/src/Infrastructure.Web.Client/Infrastructure.Web.Client.csproj" />
	</Folder>
	<Folder Name="/Infrastructure/tests/">
		<File Path="Midgard/tests/Directory.Build.props" />
		<File Path="Midgard/tests/Directory.Build.targets" />
		<Project Path="Midgard/tests/Infrastructure.Migrations.Tests/Infrastructure.Migrations.Tests.csproj" />
		<Project Path="Midgard/tests/Infrastructure.Web.Server.Tests/Infrastructure.Web.Server.Tests.csproj" />
		<Project Path="Midgard/tests/Infrastructure.Web.Client.Tests/Infrastructure.Web.Client.Tests.csproj" />
	</Folder>
	<Folder Name="/Orchestration/">
		<File Path=".editorconfig" />
		<File Path=".gitattributes" />
		<File Path=".gitignore" />
		<File Path=".gitmodules" />
		<File Path="aspire.config.json" />
		<File Path="CLAUDE.md" />
		<File Path="Directory.Build.props" />
		<File Path="Directory.Build.targets" />
		<File Path="dotnet-tools.json" />
		<File Path="global.json" />
		<File Path="LICENSE" />
		<File Path="nuget.config" />
		<File Path="README.md" />
	</Folder>
	<Folder Name="/Orchestration/src/">
		<Project Path="src/Orchestration.AppHost/Orchestration.AppHost.csproj" />
	</Folder>
	<Folder Name="/Primitives/">
		<File Path="Svartalfheim/.editorconfig" />
		<File Path="Svartalfheim/.gitattributes" />
		<File Path="Svartalfheim/.gitignore" />
		<File Path="Svartalfheim/CLAUDE.md" />
		<File Path="Svartalfheim/Directory.Build.props" />
		<File Path="Svartalfheim/global.json" />
		<File Path="Svartalfheim/LICENSE" />
		<File Path="Svartalfheim/nuget.config" />
		<File Path="Svartalfheim/README.md" />
		<File Path="Svartalfheim/Svartalfheim.slnx" />
	</Folder>
	<Folder Name="/Primitives/src/">
		<File Path="Svartalfheim/src/Directory.Build.props" />
		<File Path="Svartalfheim/src/Directory.Build.targets" />
		<Project Path="Svartalfheim/src/Primitives/Primitives.csproj" />
	</Folder>
	<Folder Name="/Primitives/tests/">
		<File Path="Svartalfheim/tests/Directory.Build.props" />
		<File Path="Svartalfheim/tests/Directory.Build.targets" />
		<Project Path="Svartalfheim/tests/Primitives.Tests/Primitives.Tests.csproj" />
	</Folder>
</Solution>
